NeoBundleLock async.vim 627a8c4092df24260d3dc2104bc1d944c78f91ca
NeoBundleLock indentLine bb548a975ebe4576073ca025eeb2743b4465ce1d
NeoBundleLock neobundle.vim 1306c131ff0a6cc094b7ff0727350e442b5427f1
NeoBundleLock neocomplcache 778181767467b8f8016828898779a646074d883a
NeoBundleLock neosnippet 037b7a76f28d51c126de43fb88f01b592193c835
NeoBundleLock neosnippet-snippets f38f1732e4bb0643b3019b5b733a87f5f03ea348
NeoBundleLock nerdtree fec3e57ad23e4c268d07181d6afb858925b647a1
NeoBundleLock papercolor-theme 20f3b25cdd772d4483eb8ced453f94f93b6126e1
NeoBundleLock syntastic 28bb72adbe5c610bdc07407ddb83898919e4645c
NeoBundleLock tagbar a0f51bd5a6514632bf3d2df1b001df27361892bd
NeoBundleLock vcl-vim-plugin ab58e19c2db6a0a89a6e1d8fef8180a2595ae378
NeoBundleLock vim-endwise 996f6bdba06bdd497306df042637d5b3e352d08b
NeoBundleLock vim-lsp 47a883d7b2e11a6301312d9a3624bfb06062194b
NeoBundleLock vim-mustache-handlebars 697fa0277042a028d1731d36397c42d9f182a785
NeoBundleLock vim-snippets c059abfbd2d2b988180dcbeaed7c87cb15d9126a
NeoBundleLock vim-tags e75dea76e488d9208ed73c53c46a4abee2695115
NeoBundleLock vimcompletesme 15156a8939d7eae0bfb2b80ff06999aecb48c124
